
Microsoft Visual Studio Solution File, Format Version 12.00
# Visual Studio Version 17
VisualStudioVersion = 17.11.35303.130
MinimumVisualStudioVersion = 10.0.40219.1
Project("{FAE04EC0-301F-11D3-BF4B-00C04F79EFBC}") = "Task_12", "Task_12\Task_12.csproj", "{79DC68F3-BAC0-4056-BBB0-20D4D1E0829E}"
EndProject
Global
	GlobalSection(SolutionConfigurationPlatforms) = preSolution
		Debug|Any CPU = Debug|Any CPU
		Release|Any CPU = Release|Any CPU
	EndGlobalSection
	GlobalSection(ProjectConfigurationPlatforms) = postSolution
		{79DC68F3-BAC0-4056-BBB0-20D4D1E0829E}.Debug|Any CPU.ActiveCfg = Debug|Any CPU
		{79DC68F3-BAC0-4056-BBB0-20D4D1E0829E}.Debug|Any CPU.Build.0 = Debug|Any CPU
		{79DC68F3-BAC0-4056-BBB0-20D4D1E0829E}.Release|Any CPU.ActiveCfg = Release|Any CPU
		{79DC68F3-BAC0-4056-BBB0-20D4D1E0829E}.Release|Any CPU.Build.0 = Release|Any CPU
	EndGlobalSection
	GlobalSection(SolutionProperties) = preSolution
		HideSolutionNode = FALSE
	EndGlobalSection
	GlobalSection(ExtensibilityGlobals) = postSolution
		SolutionGuid = {B059CD0B-D47B-4291-B713-204F7E2EF24E}
	EndGlobalSection
EndGlobal
